
Microsoft Visual Studio Solution File, Format Version 12.00
# Visual Studio Version 17
VisualStudioVersion = 17.5.002.0
MinimumVisualStudioVersion = 10.0.40219.1
Project("{9A19103F-16F7-4668-BE54-9A1E7A4F7556}") = "BankAccount", "BankAccount.csproj", "{DD5EFB34-F277-4648-AC15-15F457C943E1}"
EndProject
Global
	GlobalSection(SolutionConfigurationPlatforms) = preSolution
		Debug|Any CPU = Debug|Any CPU
		Release|Any CPU = Release|Any CPU
	EndGlobalSection
	GlobalSection(ProjectConfigurationPlatforms) = postSolution
		{DD5EFB34-F277-4648-AC15-15F457C943E1}.Debug|Any CPU.ActiveCfg = Debug|Any CPU
		{DD5EFB34-F277-4648-AC15-15F457C943E1}.Debug|Any CPU.Build.0 = Debug|Any CPU
		{DD5EFB34-F277-4648-AC15-15F457C943E1}.Release|Any CPU.ActiveCfg = Release|Any CPU
		{DD5EFB34-F277-4648-AC15-15F457C943E1}.Release|Any CPU.Build.0 = Release|Any CPU
	EndGlobalSection
	GlobalSection(SolutionProperties) = preSolution
		HideSolutionNode = FALSE
	EndGlobalSection
	GlobalSection(ExtensibilityGlobals) = postSolution
		SolutionGuid = {328626A7-64BD-4622-AFCA-CCE2CCFA15C6}
	EndGlobalSection
EndGlobal
